
Microsoft Visual Studio Solution File, Format Version 12.00
# Visual Studio 15
VisualStudioVersion = 15.0.27703.2026
MinimumVisualStudioVersion = 10.0.40219.1
Project("{FAE04EC0-301F-11D3-BF4B-00C04F79EFBC}") = "ASPPDF", "ASPPDF\ASPPDF.csproj", "{34DE2559-FBC3-438B-9131-49AB460D89D1}"
EndProject
Project("{FAE04EC0-301F-11D3-BF4B-00C04F79EFBC}") = "Model", "Model\Model.csproj", "{58098696-EF07-4F6C-ADA3-E90411C44C0C}"
EndProject
Project("{FAE04EC0-301F-11D3-BF4B-00C04F79EFBC}") = "Persistencia", "Persistencia\Persistencia.csproj", "{F11E703D-0C47-412C-84D0-686A03D84C1B}"
EndProject
Project("{FAE04EC0-301F-11D3-BF4B-00C04F79EFBC}") = "Servico", "Servico\Servico.csproj", "{D767ADE8-FC0C-414E-8AFA-EE32E64E2E72}"
EndProject
Global
	GlobalSection(SolutionConfigurationPlatforms) = preSolution
		Debug|Any CPU = Debug|Any CPU
		Debug|ARM = Debug|ARM
		Debug|x64 = Debug|x64
		Debug|x86 = Debug|x86
		Release|Any CPU = Release|Any CPU
		Release|ARM = Release|ARM
		Release|x64 = Release|x64
		Release|x86 = Release|x86
	EndGlobalSection
	GlobalSection(ProjectConfigurationPlatforms) = postSolution
		{34DE2559-FBC3-438B-9131-49AB460D89D1}.Debug|Any CPU.ActiveCfg = Debug|Any CPU
		{34DE2559-FBC3-438B-9131-49AB460D89D1}.Debug|Any CPU.Build.0 = Debug|Any CPU
		{34DE2559-FBC3-438B-9131-49AB460D89D1}.Debug|ARM.ActiveCfg = Debug|Any CPU
		{34DE2559-FBC3-438B-9131-49AB460D89D1}.Debug|ARM.Build.0 = Debug|Any CPU
		{34DE2559-FBC3-438B-9131-49AB460D89D1}.Debug|x64.ActiveCfg = Debug|Any CPU
		{34DE2559-FBC3-438B-9131-49AB460D89D1}.Debug|x64.Build.0 = Debug|Any CPU
		{34DE2559-FBC3-438B-9131-49AB460D89D1}.Debug|x86.ActiveCfg = Debug|Any CPU
		{34DE2559-FBC3-438B-9131-49AB460D89D1}.Debug|x86.Build.0 = Debug|Any CPU
		{34DE2559-FBC3-438B-9131-49AB460D89D1}.Release|Any CPU.ActiveCfg = Release|Any CPU
		{34DE2559-FBC3-438B-9131-49AB460D89D1}.Release|Any CPU.Build.0 = Release|Any CPU
		{34DE2559-FBC3-438B-9131-49AB460D89D1}.Release|ARM.ActiveCfg = Release|Any CPU
		{34DE2559-FBC3-438B-9131-49AB460D89D1}.Release|ARM.Build.0 = Release|Any CPU
		{34DE2559-FBC3-438B-9131-49AB460D89D1}.Release|x64.ActiveCfg = Release|Any CPU
		{34DE2559-FBC3-438B-9131-49AB460D89D1}.Release|x64.Build.0 = Release|Any CPU
		{34DE2559-FBC3-438B-9131-49AB460D89D1}.Release|x86.ActiveCfg = Release|Any CPU
		{34DE2559-FBC3-438B-9131-49AB460D89D1}.Release|x86.Build.0 = Release|Any CPU
		{58098696-EF07-4F6C-ADA3-E90411C44C0C}.Debug|Any CPU.ActiveCfg = Debug|Any CPU
		{58098696-EF07-4F6C-ADA3-E90411C44C0C}.Debug|Any CPU.Build.0 = Debug|Any CPU
		{58098696-EF07-4F6C-ADA3-E90411C44C0C}.Debug|ARM.ActiveCfg = Debug|Any CPU
		{58098696-EF07-4F6C-ADA3-E90411C44C0C}.Debug|ARM.Build.0 = Debug|Any CPU
		{58098696-EF07-4F6C-ADA3-E90411C44C0C}.Debug|x64.ActiveCfg = Debug|Any CPU
		{58098696-EF07-4F6C-ADA3-E90411C44C0C}.Debug|x64.Build.0 = Debug|Any CPU
		{58098696-EF07-4F6C-ADA3-E90411C44C0C}.Debug|x86.ActiveCfg = Debug|Any CPU
		{58098696-EF07-4F6C-ADA3-E90411C44C0C}.Debug|x86.Build.0 = Debug|Any CPU
		{58098696-EF07-4F6C-ADA3-E90411C44C0C}.Release|Any CPU.ActiveCfg = Release|Any CPU
		{58098696-EF07-4F6C-ADA3-E90411C44C0C}.Release|Any CPU.Build.0 = Release|Any CPU
		{58098696-EF07-4F6C-ADA3-E90411C44C0C}.Release|ARM.ActiveCfg = Release|Any CPU
		{58098696-EF07-4F6C-ADA3-E90411C44C0C}.Release|ARM.Build.0 = Release|Any CPU
		{58098696-EF07-4F6C-ADA3-E90411C44C0C}.Release|x64.ActiveCfg = Release|Any CPU
		{58098696-EF07-4F6C-ADA3-E90411C44C0C}.Release|x64.Build.0 = Release|Any CPU
		{58098696-EF07-4F6C-ADA3-E90411C44C0C}.Release|x86.ActiveCfg = Release|Any CPU
		{58098696-EF07-4F6C-ADA3-E90411C44C0C}.Release|x86.Build.0 = Release|Any CPU
		{F11E703D-0C47-412C-84D0-686A03D84C1B}.Debug|Any CPU.ActiveCfg = Debug|Any CPU
		{F11E703D-0C47-412C-84D0-686A03D84C1B}.Debug|Any CPU.Build.0 = Debug|Any CPU
		{F11E703D-0C47-412C-84D0-686A03D84C1B}.Debug|ARM.ActiveCfg = Debug|Any CPU
		{F11E703D-0C47-412C-84D0-686A03D84C1B}.Debug|ARM.Build.0 = Debug|Any CPU
		{F11E703D-0C47-412C-84D0-686A03D84C1B}.Debug|x64.ActiveCfg = Debug|Any CPU
		{F11E703D-0C47-412C-84D0-686A03D84C1B}.Debug|x64.Build.0 = Debug|Any CPU
		{F11E703D-0C47-412C-84D0-686A03D84C1B}.Debug|x86.ActiveCfg = Debug|Any CPU
		{F11E703D-0C47-412C-84D0-686A03D84C1B}.Debug|x86.Build.0 = Debug|Any CPU
		{F11E703D-0C47-412C-84D0-686A03D84C1B}.Release|Any CPU.ActiveCfg = Release|Any CPU
		{F11E703D-0C47-412C-84D0-686A03D84C1B}.Release|Any CPU.Build.0 = Release|Any CPU
		{F11E703D-0C47-412C-84D0-686A03D84C1B}.Release|ARM.ActiveCfg = Release|Any CPU
		{F11E703D-0C47-412C-84D0-686A03D84C1B}.Release|ARM.Build.0 = Release|Any CPU
		{F11E703D-0C47-412C-84D0-686A03D84C1B}.Release|x64.ActiveCfg = Release|Any CPU
		{F11E703D-0C47-412C-84D0-686A03D84C1B}.Release|x64.Build.0 = Release|Any CPU
		{F11E703D-0C47-412C-84D0-686A03D84C1B}.Release|x86.ActiveCfg = Release|Any CPU
		{F11E703D-0C47-412C-84D0-686A03D84C1B}.Release|x86.Build.0 = Release|Any CPU
		{D767ADE8-FC0C-414E-8AFA-EE32E64E2E72}.Debug|Any CPU.ActiveCfg = Debug|Any CPU
		{D767ADE8-FC0C-414E-8AFA-EE32E64E2E72}.Debug|Any CPU.Build.0 = Debug|Any CPU
		{D767ADE8-FC0C-414E-8AFA-EE32E64E2E72}.Debug|ARM.ActiveCfg = Debug|Any CPU
		{D767ADE8-FC0C-414E-8AFA-EE32E64E2E72}.Debug|ARM.Build.0 = Debug|Any CPU
		{D767ADE8-FC0C-414E-8AFA-EE32E64E2E72}.Debug|x64.ActiveCfg = Debug|Any CPU
		{D767ADE8-FC0C-414E-8AFA-EE32E64E2E72}.Debug|x64.Build.0 = Debug|Any CPU
		{D767ADE8-FC0C-414E-8AFA-EE32E64E2E72}.Debug|x86.ActiveCfg = Debug|Any CPU
		{D767ADE8-FC0C-414E-8AFA-EE32E64E2E72}.Debug|x86.Build.0 = Debug|Any CPU
		{D767ADE8-FC0C-414E-8AFA-EE32E64E2E72}.Release|Any CPU.ActiveCfg = Release|Any CPU
		{D767ADE8-FC0C-414E-8AFA-EE32E64E2E72}.Release|Any CPU.Build.0 = Release|Any CPU
		{D767ADE8-FC0C-414E-8AFA-EE32E64E2E72}.Release|ARM.ActiveCfg = Release|Any CPU
		{D767ADE8-FC0C-414E-8AFA-EE32E64E2E72}.Release|ARM.Build.0 = Release|Any CPU
		{D767ADE8-FC0C-414E-8AFA-EE32E64E2E72}.Release|x64.ActiveCfg = Release|Any CPU
		{D767ADE8-FC0C-414E-8AFA-EE32E64E2E72}.Release|x64.Build.0 = Release|Any CPU
		{D767ADE8-FC0C-414E-8AFA-EE32E64E2E72}.Release|x86.ActiveCfg = Release|Any CPU
		{D767ADE8-FC0C-414E-8AFA-EE32E64E2E72}.Release|x86.Build.0 = Release|Any CPU
	EndGlobalSection
	GlobalSection(SolutionProperties) = preSolution
		HideSolutionNode = FALSE
	EndGlobalSection
	GlobalSection(ExtensibilityGlobals) = postSolution
		SolutionGuid = {312EA5A0-3E3A-495D-8A2D-20E007066BE1}
	EndGlobalSection
EndGlobal
